
Microsoft Visual Studio Solution File, Format Version 12.00
# Visual Studio 2012
Project("{FAE04EC0-301F-11D3-BF4B-00C04F79EFBC}") = "Demo.Domain", "Demo.Domain\Demo.Domain.csproj", "{0B7EA620-001B-45D7-A7CE-78D14C8A6FBC}"
EndProject
Project("{FAE04EC0-301F-11D3-BF4B-00C04F79EFBC}") = "Demo.Storage", "Demo.Storage\Demo.Storage.csproj", "{FC4C2B3B-E421-4352-BC1A-5FCEB271D9C2}"
EndProject
Project("{FAE04EC0-301F-11D3-BF4B-00C04F79EFBC}") = "Demo.StorageTests", "Demo.StorageTests\Demo.StorageTests.csproj", "{E65A5FD9-02C7-4EEB-A3F9-0D8E9F827DAE}"
EndProject
Project("{FAE04EC0-301F-11D3-BF4B-00C04F79EFBC}") = "Demo.UI", "Demo.UI\Demo.UI.csproj", "{24FF9B7E-C70B-477E-A5AF-1C4F12240BB1}"
EndProject
Project("{FAE04EC0-301F-11D3-BF4B-00C04F79EFBC}") = "Demo.ApplicationLogic", "Demo.ApplicationLogic\Demo.ApplicationLogic.csproj", "{5D5D3013-5B5C-4D0B-88CB-AD4A10B66109}"
EndProject
Project("{2150E333-8FDC-42A3-9474-1A3956D46DE8}") = "Tests", "Tests", "{2B9B49BF-1FF1-4DAD-91DA-5D27A4A4F376}"
EndProject
Project("{FAE04EC0-301F-11D3-BF4B-00C04F79EFBC}") = "Demo.Common", "Demo.Common\Demo.Common.csproj", "{10A38ABC-82A3-4A11-825B-9F05492F3030}"
EndProject
Global
	GlobalSection(SolutionConfigurationPlatforms) = preSolution
		Debug|Any CPU = Debug|Any CPU
		Release|Any CPU = Release|Any CPU
	EndGlobalSection
	GlobalSection(ProjectConfigurationPlatforms) = postSolution
		{0B7EA620-001B-45D7-A7CE-78D14C8A6FBC}.Debug|Any CPU.ActiveCfg = Debug|Any CPU
		{0B7EA620-001B-45D7-A7CE-78D14C8A6FBC}.Debug|Any CPU.Build.0 = Debug|Any CPU
		{0B7EA620-001B-45D7-A7CE-78D14C8A6FBC}.Release|Any CPU.ActiveCfg = Release|Any CPU
		{0B7EA620-001B-45D7-A7CE-78D14C8A6FBC}.Release|Any CPU.Build.0 = Release|Any CPU
		{FC4C2B3B-E421-4352-BC1A-5FCEB271D9C2}.Debug|Any CPU.ActiveCfg = Debug|Any CPU
		{FC4C2B3B-E421-4352-BC1A-5FCEB271D9C2}.Debug|Any CPU.Build.0 = Debug|Any CPU
		{FC4C2B3B-E421-4352-BC1A-5FCEB271D9C2}.Release|Any CPU.ActiveCfg = Release|Any CPU
		{FC4C2B3B-E421-4352-BC1A-5FCEB271D9C2}.Release|Any CPU.Build.0 = Release|Any CPU
		{E65A5FD9-02C7-4EEB-A3F9-0D8E9F827DAE}.Debug|Any CPU.ActiveCfg = Debug|Any CPU
		{E65A5FD9-02C7-4EEB-A3F9-0D8E9F827DAE}.Debug|Any CPU.Build.0 = Debug|Any CPU
		{E65A5FD9-02C7-4EEB-A3F9-0D8E9F827DAE}.Release|Any CPU.ActiveCfg = Release|Any CPU
		{E65A5FD9-02C7-4EEB-A3F9-0D8E9F827DAE}.Release|Any CPU.Build.0 = Release|Any CPU
		{24FF9B7E-C70B-477E-A5AF-1C4F12240BB1}.Debug|Any CPU.ActiveCfg = Debug|Any CPU
		{24FF9B7E-C70B-477E-A5AF-1C4F12240BB1}.Debug|Any CPU.Build.0 = Debug|Any CPU
		{24FF9B7E-C70B-477E-A5AF-1C4F12240BB1}.Release|Any CPU.ActiveCfg = Release|Any CPU
		{24FF9B7E-C70B-477E-A5AF-1C4F12240BB1}.Release|Any CPU.Build.0 = Release|Any CPU
		{5D5D3013-5B5C-4D0B-88CB-AD4A10B66109}.Debug|Any CPU.ActiveCfg = Debug|Any CPU
		{5D5D3013-5B5C-4D0B-88CB-AD4A10B66109}.Debug|Any CPU.Build.0 = Debug|Any CPU
		{5D5D3013-5B5C-4D0B-88CB-AD4A10B66109}.Release|Any CPU.ActiveCfg = Release|Any CPU
		{5D5D3013-5B5C-4D0B-88CB-AD4A10B66109}.Release|Any CPU.Build.0 = Release|Any CPU
		{10A38ABC-82A3-4A11-825B-9F05492F3030}.Debug|Any CPU.ActiveCfg = Debug|Any CPU
		{10A38ABC-82A3-4A11-825B-9F05492F3030}.Debug|Any CPU.Build.0 = Debug|Any CPU
		{10A38ABC-82A3-4A11-825B-9F05492F3030}.Release|Any CPU.ActiveCfg = Release|Any CPU
		{10A38ABC-82A3-4A11-825B-9F05492F3030}.Release|Any CPU.Build.0 = Release|Any CPU
	EndGlobalSection
	GlobalSection(SolutionProperties) = preSolution
		HideSolutionNode = FALSE
	EndGlobalSection
	GlobalSection(NestedProjects) = preSolution
		{E65A5FD9-02C7-4EEB-A3F9-0D8E9F827DAE} = {2B9B49BF-1FF1-4DAD-91DA-5D27A4A4F376}
	EndGlobalSection
EndGlobal
